# This file is automatically @generated by Poetry 1.8.3 and should not be changed by hand.

[[package]]
name = "crewai"
version = "0.80.0"
description = "CrewAI framework for multi-agent AI systems"
optional = false
python-versions = ">=3.8"

[[package]]
name = "python-dotenv"
version = "1.0.0"
description = "Add .env support to your django/flask apps in development and deployments"
optional = false
python-versions = ">=3.5"

[[package]]
name = "openai"
version = "1.0.0"
description = "Python client library for the OpenAI API"
optional = false
python-versions = ">=3.7"

[[package]]
name = "flask"
version = "2.0.0"
description = "A simple framework for building complex web applications."
optional = false
python-versions = ">=3.6"

[metadata]
lock-version = "1.1"
python-versions = "^3.8"
content-hash = "a1b2c3d4e5f6g7h8i9j0k1l2m3n4o5p6q7r8s9t0"


